// !$*UTF8*$!
{
	archiveVersion = 1;
	classes = {
	};
	objectVersion = 50;
	objects = {

/* Begin PBXBuildFile section */
		A1586E9B20DC194E00CCAC1A /* AppDelegate.swift in Sources */ = {isa = PBXBuildFile; fileRef = A1586E9A20DC194E00CCAC1A /* AppDelegate.swift */; };
		A1586EA220DC194F00CCAC1A /* Assets.xcassets in Resources */ = {isa = PBXBuildFile; fileRef = A1586EA120DC194F00CCAC1A /* Assets.xcassets */; };
		A1586EA520DC194F00CCAC1A /* LaunchScreen.storyboard in Resources */ = {isa = PBXBuildFile; fileRef = A1586EA320DC194F00CCAC1A /* LaunchScreen.storyboard */; };
		A1586EAF20DC19B100CCAC1A /* Home.storyboard in Resources */ = {isa = PBXBuildFile; fileRef = A1586EAE20DC19B100CCAC1A /* Home.storyboard */; };
		A1586EB120DC1B5800CCAC1A /* Chatbot.storyboard in Resources */ = {isa = PBXBuildFile; fileRef = A1586EB020DC1B5800CCAC1A /* Chatbot.storyboard */; };
		A1586EB620DC308E00CCAC1A /* ChatMessageTableViewCell.swift in Sources */ = {isa = PBXBuildFile; fileRef = A1586EB520DC308E00CCAC1A /* ChatMessageTableViewCell.swift */; };
		A1586EB820DC317B00CCAC1A /* ChatDataModel.swift in Sources */ = {isa = PBXBuildFile; fileRef = A1586EB720DC317B00CCAC1A /* ChatDataModel.swift */; };
		A1586EBA20DC347800CCAC1A /* ChatbotViewController.swift in Sources */ = {isa = PBXBuildFile; fileRef = A1586EB920DC347800CCAC1A /* ChatbotViewController.swift */; };
		A17FFB8720DD654D00D5F8A8 /* LoaderTableViewCell.swift in Sources */ = {isa = PBXBuildFile; fileRef = A17FFB8620DD654D00D5F8A8 /* LoaderTableViewCell.swift */; };
		A17FFB8920DD68F800D5F8A8 /* GenericChatTableViewCell.swift in Sources */ = {isa = PBXBuildFile; fileRef = A17FFB8820DD68F800D5F8A8 /* GenericChatTableViewCell.swift */; };
/* End PBXBuildFile section */

/* Begin PBXFileReference section */
		A1586E9720DC194E00CCAC1A /* ChatbotHDI.app */ = {isa = PBXFileReference; explicitFileType = wrapper.application; includeInIndex = 0; path = ChatbotHDI.app; sourceTree = BUILT_PRODUCTS_DIR; };
		A1586E9A20DC194E00CCAC1A /* AppDelegate.swift */ = {isa = PBXFileReference; lastKnownFileType = sourcecode.swift; path = AppDelegate.swift; sourceTree = "<group>"; };
		A1586EA120DC194F00CCAC1A /* Assets.xcassets */ = {isa = PBXFileReference; lastKnownFileType = folder.assetcatalog; path = Assets.xcassets; sourceTree = "<group>"; };
		A1586EA420DC194F00CCAC1A /* Base */ = {isa = PBXFileReference; lastKnownFileType = file.storyboard; name = Base; path = Base.lproj/LaunchScreen.storyboard; sourceTree = "<group>"; };
		A1586EA620DC194F00CCAC1A /* Info.plist */ = {isa = PBXFileReference; lastKnownFileType = text.plist.xml; path = Info.plist; sourceTree = "<group>"; };
		A1586EAE20DC19B100CCAC1A /* Home.storyboard */ = {isa = PBXFileReference; lastKnownFileType = file.storyboard; path = Home.storyboard; sourceTree = "<group>"; };
		A1586EB020DC1B5800CCAC1A /* Chatbot.storyboard */ = {isa = PBXFileReference; lastKnownFileType = file.storyboard; path = Chatbot.storyboard; sourceTree = "<group>"; };
		A1586EB520DC308E00CCAC1A /* ChatMessageTableViewCell.swift */ = {isa = PBXFileReference; lastKnownFileType = sourcecode.swift; path = ChatMessageTableViewCell.swift; sourceTree = "<group>"; };
		A1586EB720DC317B00CCAC1A /* ChatDataModel.swift */ = {isa = PBXFileReference; lastKnownFileType = sourcecode.swift; path = ChatDataModel.swift; sourceTree = "<group>"; };
		A1586EB920DC347800CCAC1A /* ChatbotViewController.swift */ = {isa = PBXFileReference; lastKnownFileType = sourcecode.swift; path = ChatbotViewController.swift; sourceTree = "<group>"; };
		A17FFB8620DD654D00D5F8A8 /* LoaderTableViewCell.swift */ = {isa = PBXFileReference; lastKnownFileType = sourcecode.swift; path = LoaderTableViewCell.swift; sourceTree = "<group>"; };
		A17FFB8820DD68F800D5F8A8 /* GenericChatTableViewCell.swift */ = {isa = PBXFileReference; lastKnownFileType = sourcecode.swift; path = GenericChatTableViewCell.swift; sourceTree = "<group>"; };
/* End PBXFileReference section */

/* Begin PBXFrameworksBuildPhase section */
		A1586E9420DC194E00CCAC1A /* Frameworks */ = {
			isa = PBXFrameworksBuildPhase;
			buildActionMask = 2147483647;
			files = (
			);
			runOnlyForDeploymentPostprocessing = 0;
		};
/* End PBXFrameworksBuildPhase section */

/* Begin PBXGroup section */
		A1586E8E20DC194E00CCAC1A = {
			isa = PBXGroup;
			children = (
				A1586E9920DC194E00CCAC1A /* ChatbotHDI */,
				A1586E9820DC194E00CCAC1A /* Products */,
			);
			sourceTree = "<group>";
		};
		A1586E9820DC194E00CCAC1A /* Products */ = {
			isa = PBXGroup;
			children = (
				A1586E9720DC194E00CCAC1A /* ChatbotHDI.app */,
			);
			name = Products;
			sourceTree = "<group>";
		};
		A1586E9920DC194E00CCAC1A /* ChatbotHDI */ = {
			isa = PBXGroup;
			children = (
				A1586EA620DC194F00CCAC1A /* Info.plist */,
				A1586EAD20DC199E00CCAC1A /* Aplication */,
				A1586EAC20DC196E00CCAC1A /* Resources */,
			);
			path = ChatbotHDI;
			sourceTree = "<group>";
		};
		A1586EAC20DC196E00CCAC1A /* Resources */ = {
			isa = PBXGroup;
			children = (
				A1586EA320DC194F00CCAC1A /* LaunchScreen.storyboard */,
				A1586EA120DC194F00CCAC1A /* Assets.xcassets */,
				A1586E9A20DC194E00CCAC1A /* AppDelegate.swift */,
			);
			path = Resources;
			sourceTree = "<group>";
		};
		A1586EAD20DC199E00CCAC1A /* Aplication */ = {
			isa = PBXGroup;
			children = (
				A1586EBC20DC34E900CCAC1A /* Home */,
				A1586EBB20DC34D600CCAC1A /* Chat */,
			);
			path = Aplication;
			sourceTree = "<group>";
		};
		A1586EB220DC1C5900CCAC1A /* ChatbotComponents */ = {
			isa = PBXGroup;
			children = (
				A1586EB520DC308E00CCAC1A /* ChatMessageTableViewCell.swift */,
				A1586EB720DC317B00CCAC1A /* ChatDataModel.swift */,
				A17FFB8620DD654D00D5F8A8 /* LoaderTableViewCell.swift */,
				A17FFB8820DD68F800D5F8A8 /* GenericChatTableViewCell.swift */,
			);
			path = ChatbotComponents;
			sourceTree = "<group>";
		};
		A1586EBB20DC34D600CCAC1A /* Chat */ = {
			isa = PBXGroup;
			children = (
				A1586EB920DC347800CCAC1A /* ChatbotViewController.swift */,
				A1586EB020DC1B5800CCAC1A /* Chatbot.storyboard */,
				A1586EB220DC1C5900CCAC1A /* ChatbotComponents */,
			);
			path = Chat;
			sourceTree = "<group>";
		};
		A1586EBC20DC34E900CCAC1A /* Home */ = {
			isa = PBXGroup;
			children = (
				A1586EAE20DC19B100CCAC1A /* Home.storyboard */,
			);
			path = Home;
			sourceTree = "<group>";
		};
/* End PBXGroup section */

/* Begin PBXNativeTarget section */
		A1586E9620DC194E00CCAC1A /* ChatbotHDI */ = {
			isa = PBXNativeTarget;
			buildConfigurationList = A1586EA920DC194F00CCAC1A /* Build configuration list for PBXNativeTarget "ChatbotHDI" */;
			buildPhases = (
				A1586E9320DC194E00CCAC1A /* Sources */,
				A1586E9420DC194E00CCAC1A /* Frameworks */,
				A1586E9520DC194E00CCAC1A /* Resources */,
			);
			buildRules = (
			);
			dependencies = (
			);
			name = ChatbotHDI;
			productName = ChatbotHDI;
			productReference = A1586E9720DC194E00CCAC1A /* ChatbotHDI.app */;
			productType = "com.apple.product-type.application";
		};
/* End PBXNativeTarget section */

/* Begin PBXProject section */
		A1586E8F20DC194E00CCAC1A /* Project object */ = {
			isa = PBXProject;
			attributes = {
				LastSwiftUpdateCheck = 0940;
				LastUpgradeCheck = 0940;
				ORGANIZATIONNAME = "Lucas César  Nogueira Fonseca";
				TargetAttributes = {
					A1586E9620DC194E00CCAC1A = {
						CreatedOnToolsVersion = 9.4.1;
					};
				};
			};
			buildConfigurationList = A1586E9220DC194E00CCAC1A /* Build configuration list for PBXProject "ChatbotHDI" */;
			compatibilityVersion = "Xcode 9.3";
			developmentRegion = en;
			hasScannedForEncodings = 0;
			knownRegions = (
				en,
				Base,
			);
			mainGroup = A1586E8E20DC194E00CCAC1A;
			productRefGroup = A1586E9820DC194E00CCAC1A /* Products */;
			projectDirPath = "";
			projectRoot = "";
			targets = (
				A1586E9620DC194E00CCAC1A /* ChatbotHDI */,
			);
		};
/* End PBXProject section */

/* Begin PBXResourcesBuildPhase section */
		A1586E9520DC194E00CCAC1A /* Resources */ = {
			isa = PBXResourcesBuildPhase;
			buildActionMask = 2147483647;
			files = (
				A1586EB120DC1B5800CCAC1A /* Chatbot.storyboard in Resources */,
				A1586EAF20DC19B100CCAC1A /* Home.storyboard in Resources */,
				A1586EA520DC194F00CCAC1A /* LaunchScreen.storyboard in Resources */,
				A1586EA220DC194F00CCAC1A /* Assets.xcassets in Resources */,
			);
			runOnlyForDeploymentPostprocessing = 0;
		};
/* End PBXResourcesBuildPhase section */

/* Begin PBXSourcesBuildPhase section */
		A1586E9320DC194E00CCAC1A /* Sources */ = {
			isa = PBXSourcesBuildPhase;
			buildActionMask = 2147483647;
			files = (
				A17FFB8720DD654D00D5F8A8 /* LoaderTableViewCell.swift in Sources */,
				A1586EB820DC317B00CCAC1A /* ChatDataModel.swift in Sources */,
				A1586E9B20DC194E00CCAC1A /* AppDelegate.swift in Sources */,
				A1586EBA20DC347800CCAC1A /* ChatbotViewController.swift in Sources */,
				A1586EB620DC308E00CCAC1A /* ChatMessageTableViewCell.swift in Sources */,
				A17FFB8920DD68F800D5F8A8 /* GenericChatTableViewCell.swift in Sources */,
			);
			runOnlyForDeploymentPostprocessing = 0;
		};
/* End PBXSourcesBuildPhase section */

/* Begin PBXVariantGroup section */
		A1586EA320DC194F00CCAC1A /* LaunchScreen.storyboard */ = {
			isa = PBXVariantGroup;
			children = (
				A1586EA420DC194F00CCAC1A /* Base */,
			);
			name = LaunchScreen.storyboard;
			sourceTree = "<group>";
		};
/* End PBXVariantGroup section */

/* Begin XCBuildConfiguration section */
		A1586EA720DC194F00CCAC1A /* Debug */ = {
			isa = XCBuildConfiguration;
			buildSettings = {
				ALWAYS_SEARCH_USER_PATHS = NO;
				CLANG_ANALYZER_NONNULL = YES;
				CLANG_ANALYZER_NUMBER_OBJECT_CONVERSION = YES_AGGRESSIVE;
				CLANG_CXX_LANGUAGE_STANDARD = "gnu++14";
				CLANG_CXX_LIBRARY = "libc++";
				CLANG_ENABLE_MODULES = YES;
				CLANG_ENABLE_OBJC_ARC = YES;
				CLANG_ENABLE_OBJC_WEAK = YES;
				CLANG_WARN_BLOCK_CAPTURE_AUTORELEASING = YES;
				CLANG_WARN_BOOL_CONVERSION = YES;
				CLANG_WARN_COMMA = YES;
				CLANG_WARN_CONSTANT_CONVERSION = YES;
				CLANG_WARN_DEPRECATED_OBJC_IMPLEMENTATIONS = YES;
				CLANG_WARN_DIRECT_OBJC_ISA_USAGE = YES_ERROR;
				CLANG_WARN_DOCUMENTATION_COMMENTS = YES;
				CLANG_WARN_EMPTY_BODY = YES;
				CLANG_WARN_ENUM_CONVERSION = YES;
				CLANG_WARN_INFINITE_RECURSION = YES;
				CLANG_WARN_INT_CONVERSION = YES;
				CLANG_WARN_NON_LITERAL_NULL_CONVERSION = YES;
				CLANG_WARN_OBJC_IMPLICIT_RETAIN_SELF = YES;
				CLANG_WARN_OBJC_LITERAL_CONVERSION = YES;
				CLANG_WARN_OBJC_ROOT_CLASS = YES_ERROR;
				CLANG_WARN_RANGE_LOOP_ANALYSIS = YES;
				CLANG_WARN_STRICT_PROTOTYPES = YES;
				CLANG_WARN_SUSPICIOUS_MOVE = YES;
				CLANG_WARN_UNGUARDED_AVAILABILITY = YES_AGGRESSIVE;
				CLANG_WARN_UNREACHABLE_CODE = YES;
				CLANG_WARN__DUPLICATE_METHOD_MATCH = YES;
				CODE_SIGN_IDENTITY = "iPhone Developer";
				COPY_PHASE_STRIP = NO;
				DEBUG_INFORMATION_FORMAT = dwarf;
				ENABLE_STRICT_OBJC_MSGSEND = YES;
				ENABLE_TESTABILITY = YES;
				GCC_C_LANGUAGE_STANDARD = gnu11;
				GCC_DYNAMIC_NO_PIC = NO;
				GCC_NO_COMMON_BLOCKS = YES;
				GCC_OPTIMIZATION_LEVEL = 0;
				GCC_PREPROCESSOR_DEFINITIONS = (
					"DEBUG=1",
					"$(inherited)",
				);
				GCC_WARN_64_TO_32_BIT_CONVERSION = YES;
				GCC_WARN_ABOUT_RETURN_TYPE = YES_ERROR;
				GCC_WARN_UNDECLARED_SELECTOR = YES;
				GCC_WARN_UNINITIALIZED_AUTOS = YES_AGGRESSIVE;
				GCC_WARN_UNUSED_FUNCTION = YES;
				GCC_WARN_UNUSED_VARIABLE = YES;
				IPHONEOS_DEPLOYMENT_TARGET = 11.4;
				MTL_ENABLE_DEBUG_INFO = YES;
				ONLY_ACTIVE_ARCH = YES;
				SDKROOT = iphoneos;
				SWIFT_ACTIVE_COMPILATION_CONDITIONS = DEBUG;
				SWIFT_OPTIMIZATION_LEVEL = "-Onone";
			};
			name = Debug;
		};
		A1586EA820DC194F00CCAC1A /* Release */ = {
			isa = XCBuildConfiguration;
			buildSettings = {
				ALWAYS_SEARCH_USER_PATHS = NO;
				CLANG_ANALYZER_NONNULL = YES;
				CLANG_ANALYZER_NUMBER_OBJECT_CONVERSION = YES_AGGRESSIVE;
				CLANG_CXX_LANGUAGE_STANDARD = "gnu++14";
				CLANG_CXX_LIBRARY = "libc++";
				CLANG_ENABLE_MODULES = YES;
				CLANG_ENABLE_OBJC_ARC = YES;
				CLANG_ENABLE_OBJC_WEAK = YES;
				CLANG_WARN_BLOCK_CAPTURE_AUTORELEASING = YES;
				CLANG_WARN_BOOL_CONVERSION = YES;
				CLANG_WARN_COMMA = YES;
				CLANG_WARN_CONSTANT_CONVERSION = YES;
				CLANG_WARN_DEPRECATED_OBJC_IMPLEMENTATIONS = YES;
				CLANG_WARN_DIRECT_OBJC_ISA_USAGE = YES_ERROR;
				CLANG_WARN_DOCUMENTATION_COMMENTS = YES;
				CLANG_WARN_EMPTY_BODY = YES;
				CLANG_WARN_ENUM_CONVERSION = YES;
				CLANG_WARN_INFINITE_RECURSION = YES;
				CLANG_WARN_INT_CONVERSION = YES;
				CLANG_WARN_NON_LITERAL_NULL_CONVERSION = YES;
				CLANG_WARN_OBJC_IMPLICIT_RETAIN_SELF = YES;
				CLANG_WARN_OBJC_LITERAL_CONVERSION = YES;
				CLANG_WARN_OBJC_ROOT_CLASS = YES_ERROR;
				CLANG_WARN_RANGE_LOOP_ANALYSIS = YES;
				CLANG_WARN_STRICT_PROTOTYPES = YES;
				CLANG_WARN_SUSPICIOUS_MOVE = YES;
				CLANG_WARN_UNGUARDED_AVAILABILITY = YES_AGGRESSIVE;
				CLANG_WARN_UNREACHABLE_CODE = YES;
				CLANG_WARN__DUPLICATE_METHOD_MATCH = YES;
				CODE_SIGN_IDENTITY = "iPhone Developer";
				COPY_PHASE_STRIP = NO;
				DEBUG_INFORMATION_FORMAT = "dwarf-with-dsym";
				ENABLE_NS_ASSERTIONS = NO;
				ENABLE_STRICT_OBJC_MSGSEND = YES;
				GCC_C_LANGUAGE_STANDARD = gnu11;
				GCC_NO_COMMON_BLOCKS = YES;
				GCC_WARN_64_TO_32_BIT_CONVERSION = YES;
				GCC_WARN_ABOUT_RETURN_TYPE = YES_ERROR;
				GCC_WARN_UNDECLARED_SELECTOR = YES;
				GCC_WARN_UNINITIALIZED_AUTOS = YES_AGGRESSIVE;
				GCC_WARN_UNUSED_FUNCTION = YES;
				GCC_WARN_UNUSED_VARIABLE = YES;
				IPHONEOS_DEPLOYMENT_TARGET = 11.4;
				MTL_ENABLE_DEBUG_INFO = NO;
				SDKROOT = iphoneos;
				SWIFT_COMPILATION_MODE = wholemodule;
				SWIFT_OPTIMIZATION_LEVEL = "-O";
				VALIDATE_PRODUCT = YES;
			};
			name = Release;
		};
		A1586EAA20DC194F00CCAC1A /* Debug */ = {
			isa = XCBuildConfiguration;
			buildSettings = {
				ASSETCATALOG_COMPILER_APPICON_NAME = AppIcon;
				CODE_SIGN_STYLE = Automatic;
				DEVELOPMENT_TEAM = EU52X4J36U;
				INFOPLIST_FILE = ChatbotHDI/Info.plist;
				LD_RUNPATH_SEARCH_PATHS = (
					"$(inherited)",
					"@executable_path/Frameworks",
				);
				PRODUCT_BUNDLE_IDENTIFIER = lucascnf.ChatbotHDI;
				PRODUCT_NAME = "$(TARGET_NAME)";
				SWIFT_VERSION = 4.0;
				TARGETED_DEVICE_FAMILY = "1,2";
			};
			name = Debug;
		};
		A1586EAB20DC194F00CCAC1A /* Release */ = {
			isa = XCBuildConfiguration;
			buildSettings = {
				ASSETCATALOG_COMPILER_APPICON_NAME = AppIcon;
				CODE_SIGN_STYLE = Automatic;
				DEVELOPMENT_TEAM = EU52X4J36U;
				INFOPLIST_FILE = ChatbotHDI/Info.plist;
				LD_RUNPATH_SEARCH_PATHS = (
					"$(inherited)",
					"@executable_path/Frameworks",
				);
				PRODUCT_BUNDLE_IDENTIFIER = lucascnf.ChatbotHDI;
				PRODUCT_NAME = "$(TARGET_NAME)";
				SWIFT_VERSION = 4.0;
				TARGETED_DEVICE_FAMILY = "1,2";
			};
			name = Release;
		};
/* End XCBuildConfiguration section */

/* Begin XCConfigurationList section */
		A1586E9220DC194E00CCAC1A /* Build configuration list for PBXProject "ChatbotHDI" */ = {
			isa = XCConfigurationList;
			buildConfigurations = (
				A1586EA720DC194F00CCAC1A /* Debug */,
				A1586EA820DC194F00CCAC1A /* Release */,
			);
			defaultConfigurationIsVisible = 0;
			defaultConfigurationName = Release;
		};
		A1586EA920DC194F00CCAC1A /* Build configuration list for PBXNativeTarget "ChatbotHDI" */ = {
			isa = XCConfigurationList;
			buildConfigurations = (
				A1586EAA20DC194F00CCAC1A /* Debug */,
				A1586EAB20DC194F00CCAC1A /* Release */,
			);
			defaultConfigurationIsVisible = 0;
			defaultConfigurationName = Release;
		};
/* End XCConfigurationList section */
	};
	rootObject = A1586E8F20DC194E00CCAC1A /* Project object */;
}
